
Microsoft Visual Studio Solution File, Format Version 12.00
# Visual Studio Version 17
VisualStudioVersion = 17.2.32602.215
MinimumVisualStudioVersion = 10.0.40219.1
Project("{9A19103F-16F7-4668-BE54-9A1E7A4F7556}") = "JsonFormattingAssignment", "JsonFormattingAssignment\JsonFormattingAssignment.csproj", "{5C83AC6E-AE69-44B1-B9E5-77704F6872BE}"
EndProject
Project("{9A19103F-16F7-4668-BE54-9A1E7A4F7556}") = "JsonFormattingAssignmentTest", "JsonFormattingAssignmentTest\JsonFormattingAssignmentTest.csproj", "{A3A86E91-3BCF-4EB2-8A37-687806E0C1FA}"
EndProject
Global
	GlobalSection(SolutionConfigurationPlatforms) = preSolution
		Debug|Any CPU = Debug|Any CPU
		Release|Any CPU = Release|Any CPU
	EndGlobalSection
	GlobalSection(ProjectConfigurationPlatforms) = postSolution
		{5C83AC6E-AE69-44B1-B9E5-77704F6872BE}.Debug|Any CPU.ActiveCfg = Debug|Any CPU
		{5C83AC6E-AE69-44B1-B9E5-77704F6872BE}.Debug|Any CPU.Build.0 = Debug|Any CPU
		{5C83AC6E-AE69-44B1-B9E5-77704F6872BE}.Release|Any CPU.ActiveCfg = Release|Any CPU
		{5C83AC6E-AE69-44B1-B9E5-77704F6872BE}.Release|Any CPU.Build.0 = Release|Any CPU
		{A3A86E91-3BCF-4EB2-8A37-687806E0C1FA}.Debug|Any CPU.ActiveCfg = Debug|Any CPU
		{A3A86E91-3BCF-4EB2-8A37-687806E0C1FA}.Debug|Any CPU.Build.0 = Debug|Any CPU
		{A3A86E91-3BCF-4EB2-8A37-687806E0C1FA}.Release|Any CPU.ActiveCfg = Release|Any CPU
		{A3A86E91-3BCF-4EB2-8A37-687806E0C1FA}.Release|Any CPU.Build.0 = Release|Any CPU
	EndGlobalSection
	GlobalSection(SolutionProperties) = preSolution
		HideSolutionNode = FALSE
	EndGlobalSection
	GlobalSection(ExtensibilityGlobals) = postSolution
		SolutionGuid = {3CDD029D-8AD7-49D3-AF42-AB9DB3254709}
	EndGlobalSection
EndGlobal
